
Microsoft Visual Studio Solution File, Format Version 12.00
# Visual Studio Version 17
VisualStudioVersion = 17.13.35931.197 d17.13
MinimumVisualStudioVersion = 10.0.40219.1
Project("{888888A0-9F3D-457C-B088-3A5042F75D52}") = "discordbot pdf reader", "discordbot pdf reader\discordbot pdf reader.pyproj", "{1A2F0CB9-7F48-4F9B-A655-4FC93F9A4AF5}"
EndProject
Global
	GlobalSection(SolutionConfigurationPlatforms) = preSolution
		Debug|Any CPU = Debug|Any CPU
		Release|Any CPU = Release|Any CPU
	EndGlobalSection
	GlobalSection(ProjectConfigurationPlatforms) = postSolution
		{1A2F0CB9-7F48-4F9B-A655-4FC93F9A4AF5}.Debug|Any CPU.ActiveCfg = Debug|Any CPU
		{1A2F0CB9-7F48-4F9B-A655-4FC93F9A4AF5}.Release|Any CPU.ActiveCfg = Release|Any CPU
	EndGlobalSection
	GlobalSection(SolutionProperties) = preSolution
		HideSolutionNode = FALSE
	EndGlobalSection
	GlobalSection(ExtensibilityGlobals) = postSolution
		SolutionGuid = {58969A59-2A8E-4BF4-A260-CD0190F19847}
	EndGlobalSection
EndGlobal
